{
  "name": "test-npm",
  "lockfileVersion": 2,
  "requires": true,
  "packages": {
    "target/flow-frontend": {
      "name": "@vaadin/flow-frontend",
      "version": "1.0.0",
      "extraneous": true,
      "license": "UNLICENSED"
    },
    "target/plugins/application-theme-plugin": {
      "name": "@vaadin/application-theme-plugin",
      "version": "0.4.2",
      "extraneous": true,
      "license": "Apache-2.0",
      "dependencies": {
        "glob": "7.2.0",
        "mkdirp": "0.5.6"
      }
    },
    "target/plugins/build-status-plugin": {
      "name": "@vaadin/build-status-plugin",
      "version": "1.0.0",
      "extraneous": true,
      "license": "Apache-2.0"
    },
    "target/plugins/theme-live-reload-plugin": {
      "name": "@vaadin/theme-live-reload-plugin",
      "version": "2.0.0",
      "extraneous": true,
      "license": "Apache-2.0"
    },
    "target/plugins/theme-loader": {
      "name": "@vaadin/theme-loader",
      "version": "0.0.4",
      "extraneous": true,
      "license": "Apache-2.0"
    }
  }
}
